
Microsoft Visual Studio Solution File, Format Version 12.00
# Visual Studio 15
VisualStudioVersion = 15.0.28010.2036
MinimumVisualStudioVersion = 10.0.40219.1
Project("{8BC9CEB8-8B4A-11D0-8D11-00A0C91BC942}") = "Ch3_Lab1", "Ch3_Lab1\Ch3_Lab1.vcxproj", "{7600BC34-A710-46AE-9E9A-D3EFC71B28C6}"
EndProject
Global
	GlobalSection(SolutionConfigurationPlatforms) = preSolution
		Debug|x64 = Debug|x64
		Debug|x86 = Debug|x86
		Release|x64 = Release|x64
		Release|x86 = Release|x86
	EndGlobalSection
	GlobalSection(ProjectConfigurationPlatforms) = postSolution
		{7600BC34-A710-46AE-9E9A-D3EFC71B28C6}.Debug|x64.ActiveCfg = Debug|x64
		{7600BC34-A710-46AE-9E9A-D3EFC71B28C6}.Debug|x64.Build.0 = Debug|x64
		{7600BC34-A710-46AE-9E9A-D3EFC71B28C6}.Debug|x86.ActiveCfg = Debug|Win32
		{7600BC34-A710-46AE-9E9A-D3EFC71B28C6}.Debug|x86.Build.0 = Debug|Win32
		{7600BC34-A710-46AE-9E9A-D3EFC71B28C6}.Release|x64.ActiveCfg = Release|x64
		{7600BC34-A710-46AE-9E9A-D3EFC71B28C6}.Release|x64.Build.0 = Release|x64
		{7600BC34-A710-46AE-9E9A-D3EFC71B28C6}.Release|x86.ActiveCfg = Release|Win32
		{7600BC34-A710-46AE-9E9A-D3EFC71B28C6}.Release|x86.Build.0 = Release|Win32
	EndGlobalSection
	GlobalSection(SolutionProperties) = preSolution
		HideSolutionNode = FALSE
	EndGlobalSection
	GlobalSection(ExtensibilityGlobals) = postSolution
		SolutionGuid = {2F5571DE-1EAE-4180-97E3-074AD93FA3F2}
	EndGlobalSection
EndGlobal
